
Microsoft Visual Studio Solution File, Format Version 12.00
# Visual Studio Version 17
VisualStudioVersion = 17.11.35327.3
MinimumVisualStudioVersion = 10.0.40219.1
Project("{9A19103F-16F7-4668-BE54-9A1E7A4F7556}") = "StockManagement", "StockManagement\StockManagement.csproj", "{B242262C-65E8-43AA-B7DA-3B331F3853A2}"
EndProject
Project("{FAE04EC0-301F-11D3-BF4B-00C04F79EFBC}") = "StockManagement_DTO", "StockManagement_DTO\StockManagement_DTO.csproj", "{7836F01A-4629-4F3C-A131-A271E150C4F5}"
EndProject
Project("{FAE04EC0-301F-11D3-BF4B-00C04F79EFBC}") = "StockManagement_Metier", "StockManagement_Metier\StockManagement_Metier.csproj", "{46F8ED90-49F0-4DC3-A67A-AA2E002AE31B}"
	ProjectSection(ProjectDependencies) = postProject
		{7836F01A-4629-4F3C-A131-A271E150C4F5} = {7836F01A-4629-4F3C-A131-A271E150C4F5}
		{CD29662C-D9C2-4CC3-ACB8-6E525EF50360} = {CD29662C-D9C2-4CC3-ACB8-6E525EF50360}
	EndProjectSection
EndProject
Project("{FAE04EC0-301F-11D3-BF4B-00C04F79EFBC}") = "StockManagement_Persistance", "StockManagement_Persistance\StockManagement_Persistance.csproj", "{CD29662C-D9C2-4CC3-ACB8-6E525EF50360}"
EndProject
Project("{FAE04EC0-301F-11D3-BF4B-00C04F79EFBC}") = "StockManagement_ConsoleApp", "StockManagement_ConsoleApp\StockManagement_ConsoleApp.csproj", "{57CDB112-E891-45DE-A28B-A7A4E1B5C1FA}"
EndProject
Project("{2150E333-8FDC-42A3-9474-1A3956D46DE8}") = "Éléments de solution", "Éléments de solution", "{42EC926E-04FA-4E56-997E-022CBF3B387D}"
	ProjectSection(SolutionItems) = preProject
		docker-compose.yml = docker-compose.yml
		README.md = README.md
	EndProjectSection
EndProject
Project("{2150E333-8FDC-42A3-9474-1A3956D46DE8}") = "Traefik", "Traefik", "{02EA681E-C7D8-13C7-8484-4AC65E1B71E8}"
	ProjectSection(SolutionItems) = preProject
		values.yaml = values.yaml
		strip-all-prefixes.yaml = strip-all-prefixes.yaml
	EndProjectSection
EndProject
Global
	GlobalSection(SolutionConfigurationPlatforms) = preSolution
		Debug|Any CPU = Debug|Any CPU
		Release|Any CPU = Release|Any CPU
	EndGlobalSection
	GlobalSection(ProjectConfigurationPlatforms) = postSolution
		{B242262C-65E8-43AA-B7DA-3B331F3853A2}.Debug|Any CPU.ActiveCfg = Debug|Any CPU
		{B242262C-65E8-43AA-B7DA-3B331F3853A2}.Debug|Any CPU.Build.0 = Debug|Any CPU
		{B242262C-65E8-43AA-B7DA-3B331F3853A2}.Release|Any CPU.ActiveCfg = Release|Any CPU
		{B242262C-65E8-43AA-B7DA-3B331F3853A2}.Release|Any CPU.Build.0 = Release|Any CPU
		{7836F01A-4629-4F3C-A131-A271E150C4F5}.Debug|Any CPU.ActiveCfg = Debug|Any CPU
		{7836F01A-4629-4F3C-A131-A271E150C4F5}.Debug|Any CPU.Build.0 = Debug|Any CPU
		{7836F01A-4629-4F3C-A131-A271E150C4F5}.Release|Any CPU.ActiveCfg = Release|Any CPU
		{7836F01A-4629-4F3C-A131-A271E150C4F5}.Release|Any CPU.Build.0 = Release|Any CPU
		{46F8ED90-49F0-4DC3-A67A-AA2E002AE31B}.Debug|Any CPU.ActiveCfg = Debug|Any CPU
		{46F8ED90-49F0-4DC3-A67A-AA2E002AE31B}.Debug|Any CPU.Build.0 = Debug|Any CPU
		{46F8ED90-49F0-4DC3-A67A-AA2E002AE31B}.Release|Any CPU.ActiveCfg = Release|Any CPU
		{46F8ED90-49F0-4DC3-A67A-AA2E002AE31B}.Release|Any CPU.Build.0 = Release|Any CPU
		{CD29662C-D9C2-4CC3-ACB8-6E525EF50360}.Debug|Any CPU.ActiveCfg = Debug|Any CPU
		{CD29662C-D9C2-4CC3-ACB8-6E525EF50360}.Debug|Any CPU.Build.0 = Debug|Any CPU
		{CD29662C-D9C2-4CC3-ACB8-6E525EF50360}.Release|Any CPU.ActiveCfg = Release|Any CPU
		{CD29662C-D9C2-4CC3-ACB8-6E525EF50360}.Release|Any CPU.Build.0 = Release|Any CPU
		{57CDB112-E891-45DE-A28B-A7A4E1B5C1FA}.Debug|Any CPU.ActiveCfg = Debug|Any CPU
		{57CDB112-E891-45DE-A28B-A7A4E1B5C1FA}.Debug|Any CPU.Build.0 = Debug|Any CPU
		{57CDB112-E891-45DE-A28B-A7A4E1B5C1FA}.Release|Any CPU.ActiveCfg = Release|Any CPU
		{57CDB112-E891-45DE-A28B-A7A4E1B5C1FA}.Release|Any CPU.Build.0 = Release|Any CPU
	EndGlobalSection
	GlobalSection(SolutionProperties) = preSolution
		HideSolutionNode = FALSE
	EndGlobalSection
	GlobalSection(ExtensibilityGlobals) = postSolution
		SolutionGuid = {A8D267DB-12EC-4C0B-BAEE-10E418A46646}
	EndGlobalSection
EndGlobal
